// !$*UTF8*$!
{
	archiveVersion = 1;
	classes = {
	};
	objectVersion = 46;
	objects = {

/* Begin PBXBuildFile section */
		5C247E6B1C760360008C179E /* AppDelegate.swift in Sources */ = {isa = PBXBuildFile; fileRef = 5C247E6A1C760360008C179E /* AppDelegate.swift */; };
		5C247E6D1C760360008C179E /* ViewController.swift in Sources */ = {isa = PBXBuildFile; fileRef = 5C247E6C1C760360008C179E /* ViewController.swift */; };
		5C247E701C760360008C179E /* Main.storyboard in Resources */ = {isa = PBXBuildFile; fileRef = 5C247E6E1C760360008C179E /* Main.storyboard */; };
		5C247E721C760360008C179E /* Assets.xcassets in Resources */ = {isa = PBXBuildFile; fileRef = 5C247E711C760360008C179E /* Assets.xcassets */; };
		5C247E751C760360008C179E /* LaunchScreen.storyboard in Resources */ = {isa = PBXBuildFile; fileRef = 5C247E731C760360008C179E /* LaunchScreen.storyboard */; };
		5C247E7D1C762691008C179E /* CalculatorEngine.swift in Sources */ = {isa = PBXBuildFile; fileRef = 5C247E7C1C762691008C179E /* CalculatorEngine.swift */; };
		5CB279231C7F3DD90008317E /* CalcViewController.swift in Sources */ = {isa = PBXBuildFile; fileRef = 5CB279221C7F3DD90008317E /* CalcViewController.swift */; };
/* End PBXBuildFile section */

/* Begin PBXFileReference section */
		5C247E671C760360008C179E /* CalculatorRPN.app */ = {isa = PBXFileReference; explicitFileType = wrapper.application; includeInIndex = 0; path = CalculatorRPN.app; sourceTree = BUILT_PRODUCTS_DIR; };
		5C247E6A1C760360008C179E /* AppDelegate.swift */ = {isa = PBXFileReference; lastKnownFileType = sourcecode.swift; path = AppDelegate.swift; sourceTree = "<group>"; };
		5C247E6C1C760360008C179E /* ViewController.swift */ = {isa = PBXFileReference; lastKnownFileType = sourcecode.swift; path = ViewController.swift; sourceTree = "<group>"; };
		5C247E6F1C760360008C179E /* Base */ = {isa = PBXFileReference; lastKnownFileType = file.storyboard; name = Base; path = Base.lproj/Main.storyboard; sourceTree = "<group>"; };
		5C247E711C760360008C179E /* Assets.xcassets */ = {isa = PBXFileReference; lastKnownFileType = folder.assetcatalog; path = Assets.xcassets; sourceTree = "<group>"; };
		5C247E741C760360008C179E /* Base */ = {isa = PBXFileReference; lastKnownFileType = file.storyboard; name = Base; path = Base.lproj/LaunchScreen.storyboard; sourceTree = "<group>"; };
		5C247E761C760360008C179E /* Info.plist */ = {isa = PBXFileReference; lastKnownFileType = text.plist.xml; path = Info.plist; sourceTree = "<group>"; };
		5C247E7C1C762691008C179E /* CalculatorEngine.swift */ = {isa = PBXFileReference; fileEncoding = 4; lastKnownFileType = sourcecode.swift; path = CalculatorEngine.swift; sourceTree = "<group>"; };
		5CB279221C7F3DD90008317E /* CalcViewController.swift */ = {isa = PBXFileReference; fileEncoding = 4; lastKnownFileType = sourcecode.swift; path = CalcViewController.swift; sourceTree = "<group>"; };
/* End PBXFileReference section */

/* Begin PBXFrameworksBuildPhase section */
		5C247E641C760360008C179E /* Frameworks */ = {
			isa = PBXFrameworksBuildPhase;
			buildActionMask = 2147483647;
			files = (
			);
			runOnlyForDeploymentPostprocessing = 0;
		};
/* End PBXFrameworksBuildPhase section */

/* Begin PBXGroup section */
		5C247E5E1C760360008C179E = {
			isa = PBXGroup;
			children = (
				5C247E691C760360008C179E /* CalculatorRPN */,
				5C247E681C760360008C179E /* Products */,
			);
			sourceTree = "<group>";
		};
		5C247E681C760360008C179E /* Products */ = {
			isa = PBXGroup;
			children = (
				5C247E671C760360008C179E /* CalculatorRPN.app */,
			);
			name = Products;
			sourceTree = "<group>";
		};
		5C247E691C760360008C179E /* CalculatorRPN */ = {
			isa = PBXGroup;
			children = (
				5C247E6A1C760360008C179E /* AppDelegate.swift */,
				5C247E6C1C760360008C179E /* ViewController.swift */,
				5C247E6E1C760360008C179E /* Main.storyboard */,
				5CB279221C7F3DD90008317E /* CalcViewController.swift */,
				5C247E711C760360008C179E /* Assets.xcassets */,
				5C247E731C760360008C179E /* LaunchScreen.storyboard */,
				5C247E761C760360008C179E /* Info.plist */,
				5C247E7C1C762691008C179E /* CalculatorEngine.swift */,
			);
			path = CalculatorRPN;
			sourceTree = "<group>";
		};
/* End PBXGroup section */

/* Begin PBXNativeTarget section */
		5C247E661C760360008C179E /* CalculatorRPN */ = {
			isa = PBXNativeTarget;
			buildConfigurationList = 5C247E791C760360008C179E /* Build configuration list for PBXNativeTarget "CalculatorRPN" */;
			buildPhases = (
				5C247E631C760360008C179E /* Sources */,
				5C247E641C760360008C179E /* Frameworks */,
				5C247E651C760360008C179E /* Resources */,
			);
			buildRules = (
			);
			dependencies = (
			);
			name = CalculatorRPN;
			productName = CalculatorRPN;
			productReference = 5C247E671C760360008C179E /* CalculatorRPN.app */;
			productType = "com.apple.product-type.application";
		};
/* End PBXNativeTarget section */

/* Begin PBXProject section */
		5C247E5F1C760360008C179E /* Project object */ = {
			isa = PBXProject;
			attributes = {
				LastSwiftUpdateCheck = 0720;
				LastUpgradeCheck = 0720;
				ORGANIZATIONNAME = "Ahdab Nasir";
				TargetAttributes = {
					5C247E661C760360008C179E = {
						CreatedOnToolsVersion = 7.2.1;
					};
				};
			};
			buildConfigurationList = 5C247E621C760360008C179E /* Build configuration list for PBXProject "CalculatorRPN" */;
			compatibilityVersion = "Xcode 3.2";
			developmentRegion = English;
			hasScannedForEncodings = 0;
			knownRegions = (
				en,
				Base,
			);
			mainGroup = 5C247E5E1C760360008C179E;
			productRefGroup = 5C247E681C760360008C179E /* Products */;
			projectDirPath = "";
			projectRoot = "";
			targets = (
				5C247E661C760360008C179E /* CalculatorRPN */,
			);
		};
/* End PBXProject section */

/* Begin PBXResourcesBuildPhase section */
		5C247E651C760360008C179E /* Resources */ = {
			isa = PBXResourcesBuildPhase;
			buildActionMask = 2147483647;
			files = (
				5C247E751C760360008C179E /* LaunchScreen.storyboard in Resources */,
				5C247E721C760360008C179E /* Assets.xcassets in Resources */,
				5C247E701C760360008C179E /* Main.storyboard in Resources */,
			);
			runOnlyForDeploymentPostprocessing = 0;
		};
/* End PBXResourcesBuildPhase section */

/* Begin PBXSourcesBuildPhase section */
		5C247E631C760360008C179E /* Sources */ = {
			isa = PBXSourcesBuildPhase;
			buildActionMask = 2147483647;
			files = (
				5C247E6D1C760360008C179E /* ViewController.swift in Sources */,
				5CB279231C7F3DD90008317E /* CalcViewController.swift in Sources */,
				5C247E6B1C760360008C179E /* AppDelegate.swift in Sources */,
				5C247E7D1C762691008C179E /* CalculatorEngine.swift in Sources */,
			);
			runOnlyForDeploymentPostprocessing = 0;
		};
/* End PBXSourcesBuildPhase section */

/* Begin PBXVariantGroup section */
		5C247E6E1C760360008C179E /* Main.storyboard */ = {
			isa = PBXVariantGroup;
			children = (
				5C247E6F1C760360008C179E /* Base */,
			);
			name = Main.storyboard;
			sourceTree = "<group>";
		};
		5C247E731C760360008C179E /* LaunchScreen.storyboard */ = {
			isa = PBXVariantGroup;
			children = (
				5C247E741C760360008C179E /* Base */,
			);
			name = LaunchScreen.storyboard;
			sourceTree = "<group>";
		};
/* End PBXVariantGroup section */

/* Begin XCBuildConfiguration section */
		5C247E771C760360008C179E /* Debug */ = {
			isa = XCBuildConfiguration;
			buildSettings = {
				ALWAYS_SEARCH_USER_PATHS = NO;
				CLANG_CXX_LANGUAGE_STANDARD = "gnu++0x";
				CLANG_CXX_LIBRARY = "libc++";
				CLANG_ENABLE_MODULES = YES;
				CLANG_ENABLE_OBJC_ARC = YES;
				CLANG_WARN_BOOL_CONVERSION = YES;
				CLANG_WARN_CONSTANT_CONVERSION = YES;
				CLANG_WARN_DIRECT_OBJC_ISA_USAGE = YES_ERROR;
				CLANG_WARN_EMPTY_BODY = YES;
				CLANG_WARN_ENUM_CONVERSION = YES;
				CLANG_WARN_INT_CONVERSION = YES;
				CLANG_WARN_OBJC_ROOT_CLASS = YES_ERROR;
				CLANG_WARN_UNREACHABLE_CODE = YES;
				CLANG_WARN__DUPLICATE_METHOD_MATCH = YES;
				"CODE_SIGN_IDENTITY[sdk=iphoneos*]" = "iPhone Developer";
				COPY_PHASE_STRIP = NO;
				DEBUG_INFORMATION_FORMAT = dwarf;
				ENABLE_STRICT_OBJC_MSGSEND = YES;
				ENABLE_TESTABILITY = YES;
				GCC_C_LANGUAGE_STANDARD = gnu99;
				GCC_DYNAMIC_NO_PIC = NO;
				GCC_NO_COMMON_BLOCKS = YES;
				GCC_OPTIMIZATION_LEVEL = 0;
				GCC_PREPROCESSOR_DEFINITIONS = (
					"DEBUG=1",
					"$(inherited)",
				);
				GCC_WARN_64_TO_32_BIT_CONVERSION = YES;
				GCC_WARN_ABOUT_RETURN_TYPE = YES_ERROR;
				GCC_WARN_UNDECLARED_SELECTOR = YES;
				GCC_WARN_UNINITIALIZED_AUTOS = YES_AGGRESSIVE;
				GCC_WARN_UNUSED_FUNCTION = YES;
				GCC_WARN_UNUSED_VARIABLE = YES;
				IPHONEOS_DEPLOYMENT_TARGET = 9.2;
				MTL_ENABLE_DEBUG_INFO = YES;
				ONLY_ACTIVE_ARCH = YES;
				SDKROOT = iphoneos;
				SWIFT_OPTIMIZATION_LEVEL = "-Onone";
			};
			name = Debug;
		};
		5C247E781C760360008C179E /* Release */ = {
			isa = XCBuildConfiguration;
			buildSettings = {
				ALWAYS_SEARCH_USER_PATHS = NO;
				CLANG_CXX_LANGUAGE_STANDARD = "gnu++0x";
				CLANG_CXX_LIBRARY = "libc++";
				CLANG_ENABLE_MODULES = YES;
				CLANG_ENABLE_OBJC_ARC = YES;
				CLANG_WARN_BOOL_CONVERSION = YES;
				CLANG_WARN_CONSTANT_CONVERSION = YES;
				CLANG_WARN_DIRECT_OBJC_ISA_USAGE = YES_ERROR;
				CLANG_WARN_EMPTY_BODY = YES;
				CLANG_WARN_ENUM_CONVERSION = YES;
				CLANG_WARN_INT_CONVERSION = YES;
				CLANG_WARN_OBJC_ROOT_CLASS = YES_ERROR;
				CLANG_WARN_UNREACHABLE_CODE = YES;
				CLANG_WARN__DUPLICATE_METHOD_MATCH = YES;
				"CODE_SIGN_IDENTITY[sdk=iphoneos*]" = "iPhone Developer";
				COPY_PHASE_STRIP = NO;
				DEBUG_INFORMATION_FORMAT = "dwarf-with-dsym";
				ENABLE_NS_ASSERTIONS = NO;
				ENABLE_STRICT_OBJC_MSGSEND = YES;
				GCC_C_LANGUAGE_STANDARD = gnu99;
				GCC_NO_COMMON_BLOCKS = YES;
				GCC_WARN_64_TO_32_BIT_CONVERSION = YES;
				GCC_WARN_ABOUT_RETURN_TYPE = YES_ERROR;
				GCC_WARN_UNDECLARED_SELECTOR = YES;
				GCC_WARN_UNINITIALIZED_AUTOS = YES_AGGRESSIVE;
				GCC_WARN_UNUSED_FUNCTION = YES;
				GCC_WARN_UNUSED_VARIABLE = YES;
				IPHONEOS_DEPLOYMENT_TARGET = 9.2;
				MTL_ENABLE_DEBUG_INFO = NO;
				SDKROOT = iphoneos;
				VALIDATE_PRODUCT = YES;
			};
			name = Release;
		};
		5C247E7A1C760360008C179E /* Debug */ = {
			isa = XCBuildConfiguration;
			buildSettings = {
				ASSETCATALOG_COMPILER_APPICON_NAME = AppIcon;
				INFOPLIST_FILE = CalculatorRPN/Info.plist;
				LD_RUNPATH_SEARCH_PATHS = "$(inherited) @executable_path/Frameworks";
				PRODUCT_BUNDLE_IDENTIFIER = www.ahdab.CalculatorRPN;
				PRODUCT_NAME = "$(TARGET_NAME)";
			};
			name = Debug;
		};
		5C247E7B1C760360008C179E /* Release */ = {
			isa = XCBuildConfiguration;
			buildSettings = {
				ASSETCATALOG_COMPILER_APPICON_NAME = AppIcon;
				INFOPLIST_FILE = CalculatorRPN/Info.plist;
				LD_RUNPATH_SEARCH_PATHS = "$(inherited) @executable_path/Frameworks";
				PRODUCT_BUNDLE_IDENTIFIER = www.ahdab.CalculatorRPN;
				PRODUCT_NAME = "$(TARGET_NAME)";
			};
			name = Release;
		};
/* End XCBuildConfiguration section */

/* Begin XCConfigurationList section */
		5C247E621C760360008C179E /* Build configuration list for PBXProject "CalculatorRPN" */ = {
			isa = XCConfigurationList;
			buildConfigurations = (
				5C247E771C760360008C179E /* Debug */,
				5C247E781C760360008C179E /* Release */,
			);
			defaultConfigurationIsVisible = 0;
			defaultConfigurationName = Release;
		};
		5C247E791C760360008C179E /* Build configuration list for PBXNativeTarget "CalculatorRPN" */ = {
			isa = XCConfigurationList;
			buildConfigurations = (
				5C247E7A1C760360008C179E /* Debug */,
				5C247E7B1C760360008C179E /* Release */,
			);
			defaultConfigurationIsVisible = 0;
			defaultConfigurationName = Release;
		};
/* End XCConfigurationList section */
	};
	rootObject = 5C247E5F1C760360008C179E /* Project object */;
}
